
Microsoft Visual Studio Solution File, Format Version 12.00
# Visual Studio 14
VisualStudioVersion = 14.0.25420.1
MinimumVisualStudioVersion = 10.0.40219.1
Project("{FAE04EC0-301F-11D3-BF4B-00C04F79EFBC}") = "UnitDistributor", "UnitDistributor\UnitDistributor.csproj", "{AF00AE3A-E8E4-4FA0-BFE6-53015E8854BE}"
EndProject
Global
	GlobalSection(SolutionConfigurationPlatforms) = preSolution
		Debug32|Any CPU = Debug32|Any CPU
		Debug64|Any CPU = Debug64|Any CPU
		Release|Any CPU = Release|Any CPU
	EndGlobalSection
	GlobalSection(ProjectConfigurationPlatforms) = postSolution
		{AF00AE3A-E8E4-4FA0-BFE6-53015E8854BE}.Debug32|Any CPU.ActiveCfg = Debug32|Any CPU
		{AF00AE3A-E8E4-4FA0-BFE6-53015E8854BE}.Debug32|Any CPU.Build.0 = Debug32|Any CPU
		{AF00AE3A-E8E4-4FA0-BFE6-53015E8854BE}.Debug64|Any CPU.ActiveCfg = Debug64|Any CPU
		{AF00AE3A-E8E4-4FA0-BFE6-53015E8854BE}.Debug64|Any CPU.Build.0 = Debug64|Any CPU
		{AF00AE3A-E8E4-4FA0-BFE6-53015E8854BE}.Release|Any CPU.ActiveCfg = Release|Any CPU
		{AF00AE3A-E8E4-4FA0-BFE6-53015E8854BE}.Release|Any CPU.Build.0 = Release|Any CPU
	EndGlobalSection
	GlobalSection(SolutionProperties) = preSolution
		HideSolutionNode = FALSE
	EndGlobalSection
EndGlobal
